// !$*UTF8*$!
{
	archiveVersion = 1;
	classes = {
	};
	objectVersion = 46;
	objects = {

/* Begin PBXBuildFile section */
		4225358D1B7E562D00952042 /* AppDelegate.swift in Sources */ = {isa = PBXBuildFile; fileRef = 4225358C1B7E562D00952042 /* AppDelegate.swift */; };
		4225358F1B7E562D00952042 /* ViewController.swift in Sources */ = {isa = PBXBuildFile; fileRef = 4225358E1B7E562D00952042 /* ViewController.swift */; };
		422535921B7E562D00952042 /* Main.storyboard in Resources */ = {isa = PBXBuildFile; fileRef = 422535901B7E562D00952042 /* Main.storyboard */; };
		422535941B7E562D00952042 /* Images.xcassets in Resources */ = {isa = PBXBuildFile; fileRef = 422535931B7E562D00952042 /* Images.xcassets */; };
		422535971B7E562D00952042 /* LaunchScreen.xib in Resources */ = {isa = PBXBuildFile; fileRef = 422535951B7E562D00952042 /* LaunchScreen.xib */; };
		422535A31B7E562D00952042 /* MMDiceTests.swift in Sources */ = {isa = PBXBuildFile; fileRef = 422535A21B7E562D00952042 /* MMDiceTests.swift */; };
		422535AD1B7E59AA00952042 /* die_face_1.png in Resources */ = {isa = PBXBuildFile; fileRef = 422535AC1B7E59AA00952042 /* die_face_1.png */; };
		422535AF1B7E5D2800952042 /* die_face_2.png in Resources */ = {isa = PBXBuildFile; fileRef = 422535AE1B7E5D2800952042 /* die_face_2.png */; };
		422535B11B7E863C00952042 /* die_face_4.png in Resources */ = {isa = PBXBuildFile; fileRef = 422535B01B7E863C00952042 /* die_face_4.png */; };
		422535B31B7E864500952042 /* die_face_3.png in Resources */ = {isa = PBXBuildFile; fileRef = 422535B21B7E864500952042 /* die_face_3.png */; };
		422535B51B7E865900952042 /* die_face_5.png in Resources */ = {isa = PBXBuildFile; fileRef = 422535B41B7E865900952042 /* die_face_5.png */; };
		422535B71B7E866000952042 /* die_face_6.png in Resources */ = {isa = PBXBuildFile; fileRef = 422535B61B7E866000952042 /* die_face_6.png */; };
		427DC9F41B7EEE3F0099FE41 /* side1.png in Resources */ = {isa = PBXBuildFile; fileRef = 427DC9F31B7EEE3F0099FE41 /* side1.png */; };
		427DC9F61B7EEE480099FE41 /* side2.png in Resources */ = {isa = PBXBuildFile; fileRef = 427DC9F51B7EEE480099FE41 /* side2.png */; };
		427DC9F81B7EEE540099FE41 /* side3.png in Resources */ = {isa = PBXBuildFile; fileRef = 427DC9F71B7EEE540099FE41 /* side3.png */; };
		427DC9FA1B7EEE600099FE41 /* side4.png in Resources */ = {isa = PBXBuildFile; fileRef = 427DC9F91B7EEE600099FE41 /* side4.png */; };
		427DC9FC1B7EEE6D0099FE41 /* side5.png in Resources */ = {isa = PBXBuildFile; fileRef = 427DC9FB1B7EEE6D0099FE41 /* side5.png */; };
		427DC9FE1B7EEE7E0099FE41 /* side6.png in Resources */ = {isa = PBXBuildFile; fileRef = 427DC9FD1B7EEE7E0099FE41 /* side6.png */; };
		427DCA001B7EF2F50099FE41 /* defaulticon.png in Resources */ = {isa = PBXBuildFile; fileRef = 427DC9FF1B7EF2F50099FE41 /* defaulticon.png */; };
		427DCA021B7EF2FD0099FE41 /* selectedicon.png in Resources */ = {isa = PBXBuildFile; fileRef = 427DCA011B7EF2FD0099FE41 /* selectedicon.png */; };
/* End PBXBuildFile section */

/* Begin PBXContainerItemProxy section */
		4225359D1B7E562D00952042 /* PBXContainerItemProxy */ = {
			isa = PBXContainerItemProxy;
			containerPortal = 4225357F1B7E562D00952042 /* Project object */;
			proxyType = 1;
			remoteGlobalIDString = 422535861B7E562D00952042;
			remoteInfo = MMDice;
		};
/* End PBXContainerItemProxy section */

/* Begin PBXFileReference section */
		422535871B7E562D00952042 /* MMDice.app */ = {isa = PBXFileReference; explicitFileType = wrapper.application; includeInIndex = 0; path = MMDice.app; sourceTree = BUILT_PRODUCTS_DIR; };
		4225358B1B7E562D00952042 /* Info.plist */ = {isa = PBXFileReference; lastKnownFileType = text.plist.xml; path = Info.plist; sourceTree = "<group>"; };
		4225358C1B7E562D00952042 /* AppDelegate.swift */ = {isa = PBXFileReference; lastKnownFileType = sourcecode.swift; path = AppDelegate.swift; sourceTree = "<group>"; };
		4225358E1B7E562D00952042 /* ViewController.swift */ = {isa = PBXFileReference; lastKnownFileType = sourcecode.swift; path = ViewController.swift; sourceTree = "<group>"; };
		422535911B7E562D00952042 /* Base */ = {isa = PBXFileReference; lastKnownFileType = file.storyboard; name = Base; path = Base.lproj/Main.storyboard; sourceTree = "<group>"; };
		422535931B7E562D00952042 /* Images.xcassets */ = {isa = PBXFileReference; lastKnownFileType = folder.assetcatalog; path = Images.xcassets; sourceTree = "<group>"; };
		422535961B7E562D00952042 /* Base */ = {isa = PBXFileReference; lastKnownFileType = file.xib; name = Base; path = Base.lproj/LaunchScreen.xib; sourceTree = "<group>"; };
		4225359C1B7E562D00952042 /* MMDiceTests.xctest */ = {isa = PBXFileReference; explicitFileType = wrapper.cfbundle; includeInIndex = 0; path = MMDiceTests.xctest; sourceTree = BUILT_PRODUCTS_DIR; };
		422535A11B7E562D00952042 /* Info.plist */ = {isa = PBXFileReference; lastKnownFileType = text.plist.xml; path = Info.plist; sourceTree = "<group>"; };
		422535A21B7E562D00952042 /* MMDiceTests.swift */ = {isa = PBXFileReference; lastKnownFileType = sourcecode.swift; path = MMDiceTests.swift; sourceTree = "<group>"; };
		422535AC1B7E59AA00952042 /* die_face_1.png */ = {isa = PBXFileReference; lastKnownFileType = image.png; path = die_face_1.png; sourceTree = "<group>"; };
		422535AE1B7E5D2800952042 /* die_face_2.png */ = {isa = PBXFileReference; lastKnownFileType = image.png; path = die_face_2.png; sourceTree = "<group>"; };
		422535B01B7E863C00952042 /* die_face_4.png */ = {isa = PBXFileReference; lastKnownFileType = image.png; path = die_face_4.png; sourceTree = "<group>"; };
		422535B21B7E864500952042 /* die_face_3.png */ = {isa = PBXFileReference; lastKnownFileType = image.png; path = die_face_3.png; sourceTree = "<group>"; };
		422535B41B7E865900952042 /* die_face_5.png */ = {isa = PBXFileReference; lastKnownFileType = image.png; path = die_face_5.png; sourceTree = "<group>"; };
		422535B61B7E866000952042 /* die_face_6.png */ = {isa = PBXFileReference; lastKnownFileType = image.png; path = die_face_6.png; sourceTree = "<group>"; };
		427DC9F31B7EEE3F0099FE41 /* side1.png */ = {isa = PBXFileReference; lastKnownFileType = image.png; path = side1.png; sourceTree = "<group>"; };
		427DC9F51B7EEE480099FE41 /* side2.png */ = {isa = PBXFileReference; lastKnownFileType = image.png; path = side2.png; sourceTree = "<group>"; };
		427DC9F71B7EEE540099FE41 /* side3.png */ = {isa = PBXFileReference; lastKnownFileType = image.png; path = side3.png; sourceTree = "<group>"; };
		427DC9F91B7EEE600099FE41 /* side4.png */ = {isa = PBXFileReference; lastKnownFileType = image.png; path = side4.png; sourceTree = "<group>"; };
		427DC9FB1B7EEE6D0099FE41 /* side5.png */ = {isa = PBXFileReference; lastKnownFileType = image.png; path = side5.png; sourceTree = "<group>"; };
		427DC9FD1B7EEE7E0099FE41 /* side6.png */ = {isa = PBXFileReference; lastKnownFileType = image.png; path = side6.png; sourceTree = "<group>"; };
		427DC9FF1B7EF2F50099FE41 /* defaulticon.png */ = {isa = PBXFileReference; lastKnownFileType = image.png; path = defaulticon.png; sourceTree = "<group>"; };
		427DCA011B7EF2FD0099FE41 /* selectedicon.png */ = {isa = PBXFileReference; lastKnownFileType = image.png; path = selectedicon.png; sourceTree = "<group>"; };
/* End PBXFileReference section */

/* Begin PBXFrameworksBuildPhase section */
		422535841B7E562D00952042 /* Frameworks */ = {
			isa = PBXFrameworksBuildPhase;
			buildActionMask = 2147483647;
			files = (
			);
			runOnlyForDeploymentPostprocessing = 0;
		};
		422535991B7E562D00952042 /* Frameworks */ = {
			isa = PBXFrameworksBuildPhase;
			buildActionMask = 2147483647;
			files = (
			);
			runOnlyForDeploymentPostprocessing = 0;
		};
/* End PBXFrameworksBuildPhase section */

/* Begin PBXGroup section */
		4225357E1B7E562D00952042 = {
			isa = PBXGroup;
			children = (
				422535891B7E562D00952042 /* MMDice */,
				4225359F1B7E562D00952042 /* MMDiceTests */,
				422535881B7E562D00952042 /* Products */,
			);
			sourceTree = "<group>";
		};
		422535881B7E562D00952042 /* Products */ = {
			isa = PBXGroup;
			children = (
				422535871B7E562D00952042 /* MMDice.app */,
				4225359C1B7E562D00952042 /* MMDiceTests.xctest */,
			);
			name = Products;
			sourceTree = "<group>";
		};
		422535891B7E562D00952042 /* MMDice */ = {
			isa = PBXGroup;
			children = (
				4225358C1B7E562D00952042 /* AppDelegate.swift */,
				4225358E1B7E562D00952042 /* ViewController.swift */,
				422535901B7E562D00952042 /* Main.storyboard */,
				422535931B7E562D00952042 /* Images.xcassets */,
				422535951B7E562D00952042 /* LaunchScreen.xib */,
				4225358A1B7E562D00952042 /* Supporting Files */,
			);
			path = MMDice;
			sourceTree = "<group>";
		};
		4225358A1B7E562D00952042 /* Supporting Files */ = {
			isa = PBXGroup;
			children = (
				427DC9FF1B7EF2F50099FE41 /* defaulticon.png */,
				427DCA011B7EF2FD0099FE41 /* selectedicon.png */,
				427DC9F31B7EEE3F0099FE41 /* side1.png */,
				427DC9F51B7EEE480099FE41 /* side2.png */,
				427DC9F71B7EEE540099FE41 /* side3.png */,
				427DC9F91B7EEE600099FE41 /* side4.png */,
				427DC9FB1B7EEE6D0099FE41 /* side5.png */,
				427DC9FD1B7EEE7E0099FE41 /* side6.png */,
				422535AC1B7E59AA00952042 /* die_face_1.png */,
				422535AE1B7E5D2800952042 /* die_face_2.png */,
				422535B21B7E864500952042 /* die_face_3.png */,
				422535B01B7E863C00952042 /* die_face_4.png */,
				422535B41B7E865900952042 /* die_face_5.png */,
				422535B61B7E866000952042 /* die_face_6.png */,
				4225358B1B7E562D00952042 /* Info.plist */,
			);
			name = "Supporting Files";
			sourceTree = "<group>";
		};
		4225359F1B7E562D00952042 /* MMDiceTests */ = {
			isa = PBXGroup;
			children = (
				422535A21B7E562D00952042 /* MMDiceTests.swift */,
				422535A01B7E562D00952042 /* Supporting Files */,
			);
			path = MMDiceTests;
			sourceTree = "<group>";
		};
		422535A01B7E562D00952042 /* Supporting Files */ = {
			isa = PBXGroup;
			children = (
				422535A11B7E562D00952042 /* Info.plist */,
			);
			name = "Supporting Files";
			sourceTree = "<group>";
		};
/* End PBXGroup section */

/* Begin PBXNativeTarget section */
		422535861B7E562D00952042 /* MMDice */ = {
			isa = PBXNativeTarget;
			buildConfigurationList = 422535A61B7E562D00952042 /* Build configuration list for PBXNativeTarget "MMDice" */;
			buildPhases = (
				422535831B7E562D00952042 /* Sources */,
				422535841B7E562D00952042 /* Frameworks */,
				422535851B7E562D00952042 /* Resources */,
			);
			buildRules = (
			);
			dependencies = (
			);
			name = MMDice;
			productName = MMDice;
			productReference = 422535871B7E562D00952042 /* MMDice.app */;
			productType = "com.apple.product-type.application";
		};
		4225359B1B7E562D00952042 /* MMDiceTests */ = {
			isa = PBXNativeTarget;
			buildConfigurationList = 422535A91B7E562D00952042 /* Build configuration list for PBXNativeTarget "MMDiceTests" */;
			buildPhases = (
				422535981B7E562D00952042 /* Sources */,
				422535991B7E562D00952042 /* Frameworks */,
				4225359A1B7E562D00952042 /* Resources */,
			);
			buildRules = (
			);
			dependencies = (
				4225359E1B7E562D00952042 /* PBXTargetDependency */,
			);
			name = MMDiceTests;
			productName = MMDiceTests;
			productReference = 4225359C1B7E562D00952042 /* MMDiceTests.xctest */;
			productType = "com.apple.product-type.bundle.unit-test";
		};
/* End PBXNativeTarget section */

/* Begin PBXProject section */
		4225357F1B7E562D00952042 /* Project object */ = {
			isa = PBXProject;
			attributes = {
				LastSwiftUpdateCheck = 0700;
				LastUpgradeCheck = 0640;
				ORGANIZATIONNAME = "Joshua Rodriguez";
				TargetAttributes = {
					422535861B7E562D00952042 = {
						CreatedOnToolsVersion = 6.4;
						DevelopmentTeam = F9H88C76TV;
					};
					4225359B1B7E562D00952042 = {
						CreatedOnToolsVersion = 6.4;
						TestTargetID = 422535861B7E562D00952042;
					};
				};
			};
			buildConfigurationList = 422535821B7E562D00952042 /* Build configuration list for PBXProject "MMDice" */;
			compatibilityVersion = "Xcode 3.2";
			developmentRegion = English;
			hasScannedForEncodings = 0;
			knownRegions = (
				en,
				Base,
			);
			mainGroup = 4225357E1B7E562D00952042;
			productRefGroup = 422535881B7E562D00952042 /* Products */;
			projectDirPath = "";
			projectRoot = "";
			targets = (
				422535861B7E562D00952042 /* MMDice */,
				4225359B1B7E562D00952042 /* MMDiceTests */,
			);
		};
/* End PBXProject section */

/* Begin PBXResourcesBuildPhase section */
		422535851B7E562D00952042 /* Resources */ = {
			isa = PBXResourcesBuildPhase;
			buildActionMask = 2147483647;
			files = (
				427DCA001B7EF2F50099FE41 /* defaulticon.png in Resources */,
				422535921B7E562D00952042 /* Main.storyboard in Resources */,
				427DC9FE1B7EEE7E0099FE41 /* side6.png in Resources */,
				427DC9FA1B7EEE600099FE41 /* side4.png in Resources */,
				422535AD1B7E59AA00952042 /* die_face_1.png in Resources */,
				422535971B7E562D00952042 /* LaunchScreen.xib in Resources */,
				422535B31B7E864500952042 /* die_face_3.png in Resources */,
				427DC9F81B7EEE540099FE41 /* side3.png in Resources */,
				427DC9FC1B7EEE6D0099FE41 /* side5.png in Resources */,
				422535AF1B7E5D2800952042 /* die_face_2.png in Resources */,
				422535B71B7E866000952042 /* die_face_6.png in Resources */,
				427DC9F41B7EEE3F0099FE41 /* side1.png in Resources */,
				422535B51B7E865900952042 /* die_face_5.png in Resources */,
				422535B11B7E863C00952042 /* die_face_4.png in Resources */,
				427DC9F61B7EEE480099FE41 /* side2.png in Resources */,
				427DCA021B7EF2FD0099FE41 /* selectedicon.png in Resources */,
				422535941B7E562D00952042 /* Images.xcassets in Resources */,
			);
			runOnlyForDeploymentPostprocessing = 0;
		};
		4225359A1B7E562D00952042 /* Resources */ = {
			isa = PBXResourcesBuildPhase;
			buildActionMask = 2147483647;
			files = (
			);
			runOnlyForDeploymentPostprocessing = 0;
		};
/* End PBXResourcesBuildPhase section */

/* Begin PBXSourcesBuildPhase section */
		422535831B7E562D00952042 /* Sources */ = {
			isa = PBXSourcesBuildPhase;
			buildActionMask = 2147483647;
			files = (
				4225358F1B7E562D00952042 /* ViewController.swift in Sources */,
				4225358D1B7E562D00952042 /* AppDelegate.swift in Sources */,
			);
			runOnlyForDeploymentPostprocessing = 0;
		};
		422535981B7E562D00952042 /* Sources */ = {
			isa = PBXSourcesBuildPhase;
			buildActionMask = 2147483647;
			files = (
				422535A31B7E562D00952042 /* MMDiceTests.swift in Sources */,
			);
			runOnlyForDeploymentPostprocessing = 0;
		};
/* End PBXSourcesBuildPhase section */

/* Begin PBXTargetDependency section */
		4225359E1B7E562D00952042 /* PBXTargetDependency */ = {
			isa = PBXTargetDependency;
			target = 422535861B7E562D00952042 /* MMDice */;
			targetProxy = 4225359D1B7E562D00952042 /* PBXContainerItemProxy */;
		};
/* End PBXTargetDependency section */

/* Begin PBXVariantGroup section */
		422535901B7E562D00952042 /* Main.storyboard */ = {
			isa = PBXVariantGroup;
			children = (
				422535911B7E562D00952042 /* Base */,
			);
			name = Main.storyboard;
			sourceTree = "<group>";
		};
		422535951B7E562D00952042 /* LaunchScreen.xib */ = {
			isa = PBXVariantGroup;
			children = (
				422535961B7E562D00952042 /* Base */,
			);
			name = LaunchScreen.xib;
			sourceTree = "<group>";
		};
/* End PBXVariantGroup section */

/* Begin XCBuildConfiguration section */
		422535A41B7E562D00952042 /* Debug */ = {
			isa = XCBuildConfiguration;
			buildSettings = {
				ALWAYS_SEARCH_USER_PATHS = NO;
				CLANG_CXX_LANGUAGE_STANDARD = "gnu++0x";
				CLANG_CXX_LIBRARY = "libc++";
				CLANG_ENABLE_MODULES = YES;
				CLANG_ENABLE_OBJC_ARC = YES;
				CLANG_WARN_BOOL_CONVERSION = YES;
				CLANG_WARN_CONSTANT_CONVERSION = YES;
				CLANG_WARN_DIRECT_OBJC_ISA_USAGE = YES_ERROR;
				CLANG_WARN_EMPTY_BODY = YES;
				CLANG_WARN_ENUM_CONVERSION = YES;
				CLANG_WARN_INT_CONVERSION = YES;
				CLANG_WARN_OBJC_ROOT_CLASS = YES_ERROR;
				CLANG_WARN_UNREACHABLE_CODE = YES;
				CLANG_WARN__DUPLICATE_METHOD_MATCH = YES;
				"CODE_SIGN_IDENTITY[sdk=iphoneos*]" = "iPhone Developer";
				COPY_PHASE_STRIP = NO;
				DEBUG_INFORMATION_FORMAT = "dwarf-with-dsym";
				ENABLE_STRICT_OBJC_MSGSEND = YES;
				GCC_C_LANGUAGE_STANDARD = gnu99;
				GCC_DYNAMIC_NO_PIC = NO;
				GCC_NO_COMMON_BLOCKS = YES;
				GCC_OPTIMIZATION_LEVEL = 0;
				GCC_PREPROCESSOR_DEFINITIONS = (
					"DEBUG=1",
					"$(inherited)",
				);
				GCC_SYMBOLS_PRIVATE_EXTERN = NO;
				GCC_WARN_64_TO_32_BIT_CONVERSION = YES;
				GCC_WARN_ABOUT_RETURN_TYPE = YES_ERROR;
				GCC_WARN_UNDECLARED_SELECTOR = YES;
				GCC_WARN_UNINITIALIZED_AUTOS = YES_AGGRESSIVE;
				GCC_WARN_UNUSED_FUNCTION = YES;
				GCC_WARN_UNUSED_VARIABLE = YES;
				IPHONEOS_DEPLOYMENT_TARGET = 8.4;
				MTL_ENABLE_DEBUG_INFO = YES;
				ONLY_ACTIVE_ARCH = YES;
				SDKROOT = iphoneos;
				SWIFT_OPTIMIZATION_LEVEL = "-Onone";
			};
			name = Debug;
		};
		422535A51B7E562D00952042 /* Release */ = {
			isa = XCBuildConfiguration;
			buildSettings = {
				ALWAYS_SEARCH_USER_PATHS = NO;
				CLANG_CXX_LANGUAGE_STANDARD = "gnu++0x";
				CLANG_CXX_LIBRARY = "libc++";
				CLANG_ENABLE_MODULES = YES;
				CLANG_ENABLE_OBJC_ARC = YES;
				CLANG_WARN_BOOL_CONVERSION = YES;
				CLANG_WARN_CONSTANT_CONVERSION = YES;
				CLANG_WARN_DIRECT_OBJC_ISA_USAGE = YES_ERROR;
				CLANG_WARN_EMPTY_BODY = YES;
				CLANG_WARN_ENUM_CONVERSION = YES;
				CLANG_WARN_INT_CONVERSION = YES;
				CLANG_WARN_OBJC_ROOT_CLASS = YES_ERROR;
				CLANG_WARN_UNREACHABLE_CODE = YES;
				CLANG_WARN__DUPLICATE_METHOD_MATCH = YES;
				"CODE_SIGN_IDENTITY[sdk=iphoneos*]" = "iPhone Developer";
				COPY_PHASE_STRIP = NO;
				DEBUG_INFORMATION_FORMAT = "dwarf-with-dsym";
				ENABLE_NS_ASSERTIONS = NO;
				ENABLE_STRICT_OBJC_MSGSEND = YES;
				GCC_C_LANGUAGE_STANDARD = gnu99;
				GCC_NO_COMMON_BLOCKS = YES;
				GCC_WARN_64_TO_32_BIT_CONVERSION = YES;
				GCC_WARN_ABOUT_RETURN_TYPE = YES_ERROR;
				GCC_WARN_UNDECLARED_SELECTOR = YES;
				GCC_WARN_UNINITIALIZED_AUTOS = YES_AGGRESSIVE;
				GCC_WARN_UNUSED_FUNCTION = YES;
				GCC_WARN_UNUSED_VARIABLE = YES;
				IPHONEOS_DEPLOYMENT_TARGET = 8.4;
				MTL_ENABLE_DEBUG_INFO = NO;
				SDKROOT = iphoneos;
				VALIDATE_PRODUCT = YES;
			};
			name = Release;
		};
		422535A71B7E562D00952042 /* Debug */ = {
			isa = XCBuildConfiguration;
			buildSettings = {
				ASSETCATALOG_COMPILER_APPICON_NAME = AppIcon;
				CODE_SIGN_IDENTITY = "iPhone Developer";
				"CODE_SIGN_IDENTITY[sdk=iphoneos*]" = "iPhone Developer";
				INFOPLIST_FILE = MMDice/Info.plist;
				LD_RUNPATH_SEARCH_PATHS = "$(inherited) @executable_path/Frameworks";
				PRODUCT_NAME = "$(TARGET_NAME)";
				PROVISIONING_PROFILE = "";
			};
			name = Debug;
		};
		422535A81B7E562D00952042 /* Release */ = {
			isa = XCBuildConfiguration;
			buildSettings = {
				ASSETCATALOG_COMPILER_APPICON_NAME = AppIcon;
				CODE_SIGN_IDENTITY = "iPhone Developer";
				"CODE_SIGN_IDENTITY[sdk=iphoneos*]" = "iPhone Developer";
				INFOPLIST_FILE = MMDice/Info.plist;
				LD_RUNPATH_SEARCH_PATHS = "$(inherited) @executable_path/Frameworks";
				PRODUCT_NAME = "$(TARGET_NAME)";
				PROVISIONING_PROFILE = "";
			};
			name = Release;
		};
		422535AA1B7E562D00952042 /* Debug */ = {
			isa = XCBuildConfiguration;
			buildSettings = {
				BUNDLE_LOADER = "$(TEST_HOST)";
				FRAMEWORK_SEARCH_PATHS = (
					"$(SDKROOT)/Developer/Library/Frameworks",
					"$(inherited)",
				);
				GCC_PREPROCESSOR_DEFINITIONS = (
					"DEBUG=1",
					"$(inherited)",
				);
				INFOPLIST_FILE = MMDiceTests/Info.plist;
				LD_RUNPATH_SEARCH_PATHS = "$(inherited) @executable_path/Frameworks @loader_path/Frameworks";
				PRODUCT_NAME = "$(TARGET_NAME)";
				TEST_HOST = "$(BUILT_PRODUCTS_DIR)/MMDice.app/MMDice";
			};
			name = Debug;
		};
		422535AB1B7E562D00952042 /* Release */ = {
			isa = XCBuildConfiguration;
			buildSettings = {
				BUNDLE_LOADER = "$(TEST_HOST)";
				FRAMEWORK_SEARCH_PATHS = (
					"$(SDKROOT)/Developer/Library/Frameworks",
					"$(inherited)",
				);
				INFOPLIST_FILE = MMDiceTests/Info.plist;
				LD_RUNPATH_SEARCH_PATHS = "$(inherited) @executable_path/Frameworks @loader_path/Frameworks";
				PRODUCT_NAME = "$(TARGET_NAME)";
				TEST_HOST = "$(BUILT_PRODUCTS_DIR)/MMDice.app/MMDice";
			};
			name = Release;
		};
/* End XCBuildConfiguration section */

/* Begin XCConfigurationList section */
		422535821B7E562D00952042 /* Build configuration list for PBXProject "MMDice" */ = {
			isa = XCConfigurationList;
			buildConfigurations = (
				422535A41B7E562D00952042 /* Debug */,
				422535A51B7E562D00952042 /* Release */,
			);
			defaultConfigurationIsVisible = 0;
			defaultConfigurationName = Release;
		};
		422535A61B7E562D00952042 /* Build configuration list for PBXNativeTarget "MMDice" */ = {
			isa = XCConfigurationList;
			buildConfigurations = (
				422535A71B7E562D00952042 /* Debug */,
				422535A81B7E562D00952042 /* Release */,
			);
			defaultConfigurationIsVisible = 0;
			defaultConfigurationName = Release;
		};
		422535A91B7E562D00952042 /* Build configuration list for PBXNativeTarget "MMDiceTests" */ = {
			isa = XCConfigurationList;
			buildConfigurations = (
				422535AA1B7E562D00952042 /* Debug */,
				422535AB1B7E562D00952042 /* Release */,
			);
			defaultConfigurationIsVisible = 0;
			defaultConfigurationName = Release;
		};
/* End XCConfigurationList section */
	};
	rootObject = 4225357F1B7E562D00952042 /* Project object */;
}
